// !$*UTF8*$!
{
	archiveVersion = 1;
	classes = {
	};
	objectVersion = 56;
	objects = {

/* Begin PBXBuildFile section */
		78122D5729C32F9300C10E42 /* MakeFolderView.swift in Sources */ = {isa = PBXBuildFile; fileRef = 78122D5629C32F9300C10E42 /* MakeFolderView.swift */; };
		7849C1C029C31E3F00BAB84D /* MemoVO.swift in Sources */ = {isa = PBXBuildFile; fileRef = 7849C1BF29C31E3F00BAB84D /* MemoVO.swift */; };
		7849C1C229C31EC200BAB84D /* MemoWriteView.swift in Sources */ = {isa = PBXBuildFile; fileRef = 7849C1C129C31EC200BAB84D /* MemoWriteView.swift */; };
		787D71B029C300D20076692B /* Memo_tutorialApp.swift in Sources */ = {isa = PBXBuildFile; fileRef = 787D71AF29C300D20076692B /* Memo_tutorialApp.swift */; };
		787D71B229C300D20076692B /* ContentView.swift in Sources */ = {isa = PBXBuildFile; fileRef = 787D71B129C300D20076692B /* ContentView.swift */; };
		787D71B429C300D30076692B /* Assets.xcassets in Resources */ = {isa = PBXBuildFile; fileRef = 787D71B329C300D30076692B /* Assets.xcassets */; };
		787D71B729C300D30076692B /* Preview Assets.xcassets in Resources */ = {isa = PBXBuildFile; fileRef = 787D71B629C300D30076692B /* Preview Assets.xcassets */; };
/* End PBXBuildFile section */

/* Begin PBXFileReference section */
		78122D5629C32F9300C10E42 /* MakeFolderView.swift */ = {isa = PBXFileReference; lastKnownFileType = sourcecode.swift; path = MakeFolderView.swift; sourceTree = "<group>"; };
		7849C1BF29C31E3F00BAB84D /* MemoVO.swift */ = {isa = PBXFileReference; lastKnownFileType = sourcecode.swift; path = MemoVO.swift; sourceTree = "<group>"; };
		7849C1C129C31EC200BAB84D /* MemoWriteView.swift */ = {isa = PBXFileReference; lastKnownFileType = sourcecode.swift; path = MemoWriteView.swift; sourceTree = "<group>"; };
		787D71AC29C300D20076692B /* Memo_tutorial.app */ = {isa = PBXFileReference; explicitFileType = wrapper.application; includeInIndex = 0; path = Memo_tutorial.app; sourceTree = BUILT_PRODUCTS_DIR; };
		787D71AF29C300D20076692B /* Memo_tutorialApp.swift */ = {isa = PBXFileReference; lastKnownFileType = sourcecode.swift; path = Memo_tutorialApp.swift; sourceTree = "<group>"; };
		787D71B129C300D20076692B /* ContentView.swift */ = {isa = PBXFileReference; lastKnownFileType = sourcecode.swift; path = ContentView.swift; sourceTree = "<group>"; };
		787D71B329C300D30076692B /* Assets.xcassets */ = {isa = PBXFileReference; lastKnownFileType = folder.assetcatalog; path = Assets.xcassets; sourceTree = "<group>"; };
		787D71B629C300D30076692B /* Preview Assets.xcassets */ = {isa = PBXFileReference; lastKnownFileType = folder.assetcatalog; path = "Preview Assets.xcassets"; sourceTree = "<group>"; };
/* End PBXFileReference section */

/* Begin PBXFrameworksBuildPhase section */
		787D71A929C300D20076692B /* Frameworks */ = {
			isa = PBXFrameworksBuildPhase;
			buildActionMask = 2147483647;
			files = (
			);
			runOnlyForDeploymentPostprocessing = 0;
		};
/* End PBXFrameworksBuildPhase section */

/* Begin PBXGroup section */
		787D71A329C300D10076692B = {
			isa = PBXGroup;
			children = (
				787D71AE29C300D20076692B /* Memo_tutorial */,
				787D71AD29C300D20076692B /* Products */,
			);
			sourceTree = "<group>";
		};
		787D71AD29C300D20076692B /* Products */ = {
			isa = PBXGroup;
			children = (
				787D71AC29C300D20076692B /* Memo_tutorial.app */,
			);
			name = Products;
			sourceTree = "<group>";
		};
		787D71AE29C300D20076692B /* Memo_tutorial */ = {
			isa = PBXGroup;
			children = (

				789BD2C029C31DD800F54856 /* Model */,

				787D71BD29C300DF0076692B /* View */,
				787D71AF29C300D20076692B /* Memo_tutorialApp.swift */,
				787D71B329C300D30076692B /* Assets.xcassets */,
				787D71B529C300D30076692B /* Preview Content */,
			);
			path = Memo_tutorial;
			sourceTree = "<group>";
		};
		787D71B529C300D30076692B /* Preview Content */ = {
			isa = PBXGroup;
			children = (
				787D71B629C300D30076692B /* Preview Assets.xcassets */,
			);
			path = "Preview Content";
			sourceTree = "<group>";
		};
		787D71BD29C300DF0076692B /* View */ = {
			isa = PBXGroup;
			children = (
				787D71B129C300D20076692B /* ContentView.swift */,

				7849C1C129C31EC200BAB84D /* MemoWriteView.swift */,
				78122D5629C32F9300C10E42 /* MakeFolderView.swift */,

			);
			path = View;
			sourceTree = "<group>";
		};

		789BD2C029C31DD800F54856 /* Model */ = {
			isa = PBXGroup;
			children = (
				7849C1BF29C31E3F00BAB84D /* MemoVO.swift */,
			);
			path = Model;
			sourceTree = "<group>";
		};

/* End PBXGroup section */

/* Begin PBXNativeTarget section */
		787D71AB29C300D20076692B /* Memo_tutorial */ = {
			isa = PBXNativeTarget;
			buildConfigurationList = 787D71BA29C300D30076692B /* Build configuration list for PBXNativeTarget "Memo_tutorial" */;
			buildPhases = (
				787D71A829C300D20076692B /* Sources */,
				787D71A929C300D20076692B /* Frameworks */,
				787D71AA29C300D20076692B /* Resources */,
			);
			buildRules = (
			);
			dependencies = (
			);
			name = Memo_tutorial;
			productName = Memo_tutorial;
			productReference = 787D71AC29C300D20076692B /* Memo_tutorial.app */;
			productType = "com.apple.product-type.application";
		};
/* End PBXNativeTarget section */

/* Begin PBXProject section */
		787D71A429C300D10076692B /* Project object */ = {
			isa = PBXProject;
			attributes = {
				BuildIndependentTargetsInParallel = 1;
				LastSwiftUpdateCheck = 1420;
				LastUpgradeCheck = 1420;
				TargetAttributes = {
					787D71AB29C300D20076692B = {
						CreatedOnToolsVersion = 14.2;
					};
				};
			};
			buildConfigurationList = 787D71A729C300D10076692B /* Build configuration list for PBXProject "Memo_tutorial" */;
			compatibilityVersion = "Xcode 14.0";
			developmentRegion = en;
			hasScannedForEncodings = 0;
			knownRegions = (
				en,
				Base,
			);
			mainGroup = 787D71A329C300D10076692B;
			productRefGroup = 787D71AD29C300D20076692B /* Products */;
			projectDirPath = "";
			projectRoot = "";
			targets = (
				787D71AB29C300D20076692B /* Memo_tutorial */,
			);
		};
/* End PBXProject section */

/* Begin PBXResourcesBuildPhase section */
		787D71AA29C300D20076692B /* Resources */ = {
			isa = PBXResourcesBuildPhase;
			buildActionMask = 2147483647;
			files = (
				787D71B729C300D30076692B /* Preview Assets.xcassets in Resources */,
				787D71B429C300D30076692B /* Assets.xcassets in Resources */,
			);
			runOnlyForDeploymentPostprocessing = 0;
		};
/* End PBXResourcesBuildPhase section */

/* Begin PBXSourcesBuildPhase section */
		787D71A829C300D20076692B /* Sources */ = {
			isa = PBXSourcesBuildPhase;
			buildActionMask = 2147483647;
			files = (
				787D71B229C300D20076692B /* ContentView.swift in Sources */,
				7849C1C029C31E3F00BAB84D /* MemoVO.swift in Sources */,
				78122D5729C32F9300C10E42 /* MakeFolderView.swift in Sources */,
				7849C1C229C31EC200BAB84D /* MemoWriteView.swift in Sources */,
				787D71B029C300D20076692B /* Memo_tutorialApp.swift in Sources */,
			);
			runOnlyForDeploymentPostprocessing = 0;
		};
/* End PBXSourcesBuildPhase section */

/* Begin XCBuildConfiguration section */
		787D71B829C300D30076692B /* Debug */ = {
			isa = XCBuildConfiguration;
			buildSettings = {
				ALWAYS_SEARCH_USER_PATHS = NO;
				CLANG_ANALYZER_NONNULL = YES;
				CLANG_ANALYZER_NUMBER_OBJECT_CONVERSION = YES_AGGRESSIVE;
				CLANG_CXX_LANGUAGE_STANDARD = "gnu++20";
				CLANG_ENABLE_MODULES = YES;
				CLANG_ENABLE_OBJC_ARC = YES;
				CLANG_ENABLE_OBJC_WEAK = YES;
				CLANG_WARN_BLOCK_CAPTURE_AUTORELEASING = YES;
				CLANG_WARN_BOOL_CONVERSION = YES;
				CLANG_WARN_COMMA = YES;
				CLANG_WARN_CONSTANT_CONVERSION = YES;
				CLANG_WARN_DEPRECATED_OBJC_IMPLEMENTATIONS = YES;
				CLANG_WARN_DIRECT_OBJC_ISA_USAGE = YES_ERROR;
				CLANG_WARN_DOCUMENTATION_COMMENTS = YES;
				CLANG_WARN_EMPTY_BODY = YES;
				CLANG_WARN_ENUM_CONVERSION = YES;
				CLANG_WARN_INFINITE_RECURSION = YES;
				CLANG_WARN_INT_CONVERSION = YES;
				CLANG_WARN_NON_LITERAL_NULL_CONVERSION = YES;
				CLANG_WARN_OBJC_IMPLICIT_RETAIN_SELF = YES;
				CLANG_WARN_OBJC_LITERAL_CONVERSION = YES;
				CLANG_WARN_OBJC_ROOT_CLASS = YES_ERROR;
				CLANG_WARN_QUOTED_INCLUDE_IN_FRAMEWORK_HEADER = YES;
				CLANG_WARN_RANGE_LOOP_ANALYSIS = YES;
				CLANG_WARN_STRICT_PROTOTYPES = YES;
				CLANG_WARN_SUSPICIOUS_MOVE = YES;
				CLANG_WARN_UNGUARDED_AVAILABILITY = YES_AGGRESSIVE;
				CLANG_WARN_UNREACHABLE_CODE = YES;
				CLANG_WARN__DUPLICATE_METHOD_MATCH = YES;
				COPY_PHASE_STRIP = NO;
				DEBUG_INFORMATION_FORMAT = dwarf;
				ENABLE_STRICT_OBJC_MSGSEND = YES;
				ENABLE_TESTABILITY = YES;
				GCC_C_LANGUAGE_STANDARD = gnu11;
				GCC_DYNAMIC_NO_PIC = NO;
				GCC_NO_COMMON_BLOCKS = YES;
				GCC_OPTIMIZATION_LEVEL = 0;
				GCC_PREPROCESSOR_DEFINITIONS = (
					"DEBUG=1",
					"$(inherited)",
				);
				GCC_WARN_64_TO_32_BIT_CONVERSION = YES;
				GCC_WARN_ABOUT_RETURN_TYPE = YES_ERROR;
				GCC_WARN_UNDECLARED_SELECTOR = YES;
				GCC_WARN_UNINITIALIZED_AUTOS = YES_AGGRESSIVE;
				GCC_WARN_UNUSED_FUNCTION = YES;
				GCC_WARN_UNUSED_VARIABLE = YES;
				IPHONEOS_DEPLOYMENT_TARGET = 16.2;
				MTL_ENABLE_DEBUG_INFO = INCLUDE_SOURCE;
				MTL_FAST_MATH = YES;
				ONLY_ACTIVE_ARCH = YES;
				SDKROOT = iphoneos;
				SWIFT_ACTIVE_COMPILATION_CONDITIONS = DEBUG;
				SWIFT_OPTIMIZATION_LEVEL = "-Onone";
			};
			name = Debug;
		};
		787D71B929C300D30076692B /* Release */ = {
			isa = XCBuildConfiguration;
			buildSettings = {
				ALWAYS_SEARCH_USER_PATHS = NO;
				CLANG_ANALYZER_NONNULL = YES;
				CLANG_ANALYZER_NUMBER_OBJECT_CONVERSION = YES_AGGRESSIVE;
				CLANG_CXX_LANGUAGE_STANDARD = "gnu++20";
				CLANG_ENABLE_MODULES = YES;
				CLANG_ENABLE_OBJC_ARC = YES;
				CLANG_ENABLE_OBJC_WEAK = YES;
				CLANG_WARN_BLOCK_CAPTURE_AUTORELEASING = YES;
				CLANG_WARN_BOOL_CONVERSION = YES;
				CLANG_WARN_COMMA = YES;
				CLANG_WARN_CONSTANT_CONVERSION = YES;
				CLANG_WARN_DEPRECATED_OBJC_IMPLEMENTATIONS = YES;
				CLANG_WARN_DIRECT_OBJC_ISA_USAGE = YES_ERROR;
				CLANG_WARN_DOCUMENTATION_COMMENTS = YES;
				CLANG_WARN_EMPTY_BODY = YES;
				CLANG_WARN_ENUM_CONVERSION = YES;
				CLANG_WARN_INFINITE_RECURSION = YES;
				CLANG_WARN_INT_CONVERSION = YES;
				CLANG_WARN_NON_LITERAL_NULL_CONVERSION = YES;
				CLANG_WARN_OBJC_IMPLICIT_RETAIN_SELF = YES;
				CLANG_WARN_OBJC_LITERAL_CONVERSION = YES;
				CLANG_WARN_OBJC_ROOT_CLASS = YES_ERROR;
				CLANG_WARN_QUOTED_INCLUDE_IN_FRAMEWORK_HEADER = YES;
				CLANG_WARN_RANGE_LOOP_ANALYSIS = YES;
				CLANG_WARN_STRICT_PROTOTYPES = YES;
				CLANG_WARN_SUSPICIOUS_MOVE = YES;
				CLANG_WARN_UNGUARDED_AVAILABILITY = YES_AGGRESSIVE;
				CLANG_WARN_UNREACHABLE_CODE = YES;
				CLANG_WARN__DUPLICATE_METHOD_MATCH = YES;
				COPY_PHASE_STRIP = NO;
				DEBUG_INFORMATION_FORMAT = "dwarf-with-dsym";
				ENABLE_NS_ASSERTIONS = NO;
				ENABLE_STRICT_OBJC_MSGSEND = YES;
				GCC_C_LANGUAGE_STANDARD = gnu11;
				GCC_NO_COMMON_BLOCKS = YES;
				GCC_WARN_64_TO_32_BIT_CONVERSION = YES;
				GCC_WARN_ABOUT_RETURN_TYPE = YES_ERROR;
				GCC_WARN_UNDECLARED_SELECTOR = YES;
				GCC_WARN_UNINITIALIZED_AUTOS = YES_AGGRESSIVE;
				GCC_WARN_UNUSED_FUNCTION = YES;
				GCC_WARN_UNUSED_VARIABLE = YES;
				IPHONEOS_DEPLOYMENT_TARGET = 16.2;
				MTL_ENABLE_DEBUG_INFO = NO;
				MTL_FAST_MATH = YES;
				SDKROOT = iphoneos;
				SWIFT_COMPILATION_MODE = wholemodule;
				SWIFT_OPTIMIZATION_LEVEL = "-O";
				VALIDATE_PRODUCT = YES;
			};
			name = Release;
		};
		787D71BB29C300D30076692B /* Debug */ = {
			isa = XCBuildConfiguration;
			buildSettings = {
				ASSETCATALOG_COMPILER_APPICON_NAME = AppIcon;
				ASSETCATALOG_COMPILER_GLOBAL_ACCENT_COLOR_NAME = AccentColor;
				CODE_SIGN_STYLE = Automatic;
				CURRENT_PROJECT_VERSION = 1;
				DEVELOPMENT_ASSET_PATHS = "\"Memo_tutorial/Preview Content\"";
				ENABLE_PREVIEWS = YES;
				GENERATE_INFOPLIST_FILE = YES;
				INFOPLIST_KEY_UIApplicationSceneManifest_Generation = YES;
				INFOPLIST_KEY_UIApplicationSupportsIndirectInputEvents = YES;
				INFOPLIST_KEY_UILaunchScreen_Generation = YES;
				INFOPLIST_KEY_UISupportedInterfaceOrientations_iPad = "UIInterfaceOrientationPortrait UIInterfaceOrientationPortraitUpsideDown UIInterfaceOrientationLandscapeLeft UIInterfaceOrientationLandscapeRight";
				INFOPLIST_KEY_UISupportedInterfaceOrientations_iPhone = "UIInterfaceOrientationPortrait UIInterfaceOrientationLandscapeLeft UIInterfaceOrientationLandscapeRight";
				LD_RUNPATH_SEARCH_PATHS = (
					"$(inherited)",
					"@executable_path/Frameworks",
				);
				MARKETING_VERSION = 1.0;
				PRODUCT_BUNDLE_IDENTIFIER = "dayjack.Memo-tutorial";
				PRODUCT_NAME = "$(TARGET_NAME)";
				SWIFT_EMIT_LOC_STRINGS = YES;
				SWIFT_VERSION = 5.0;
				TARGETED_DEVICE_FAMILY = "1,2";
			};
			name = Debug;
		};
		787D71BC29C300D30076692B /* Release */ = {
			isa = XCBuildConfiguration;
			buildSettings = {
				ASSETCATALOG_COMPILER_APPICON_NAME = AppIcon;
				ASSETCATALOG_COMPILER_GLOBAL_ACCENT_COLOR_NAME = AccentColor;
				CODE_SIGN_STYLE = Automatic;
				CURRENT_PROJECT_VERSION = 1;
				DEVELOPMENT_ASSET_PATHS = "\"Memo_tutorial/Preview Content\"";
				ENABLE_PREVIEWS = YES;
				GENERATE_INFOPLIST_FILE = YES;
				INFOPLIST_KEY_UIApplicationSceneManifest_Generation = YES;
				INFOPLIST_KEY_UIApplicationSupportsIndirectInputEvents = YES;
				INFOPLIST_KEY_UILaunchScreen_Generation = YES;
				INFOPLIST_KEY_UISupportedInterfaceOrientations_iPad = "UIInterfaceOrientationPortrait UIInterfaceOrientationPortraitUpsideDown UIInterfaceOrientationLandscapeLeft UIInterfaceOrientationLandscapeRight";
				INFOPLIST_KEY_UISupportedInterfaceOrientations_iPhone = "UIInterfaceOrientationPortrait UIInterfaceOrientationLandscapeLeft UIInterfaceOrientationLandscapeRight";
				LD_RUNPATH_SEARCH_PATHS = (
					"$(inherited)",
					"@executable_path/Frameworks",
				);
				MARKETING_VERSION = 1.0;
				PRODUCT_BUNDLE_IDENTIFIER = "dayjack.Memo-tutorial";
				PRODUCT_NAME = "$(TARGET_NAME)";
				SWIFT_EMIT_LOC_STRINGS = YES;
				SWIFT_VERSION = 5.0;
				TARGETED_DEVICE_FAMILY = "1,2";
			};
			name = Release;
		};
/* End XCBuildConfiguration section */

/* Begin XCConfigurationList section */
		787D71A729C300D10076692B /* Build configuration list for PBXProject "Memo_tutorial" */ = {
			isa = XCConfigurationList;
			buildConfigurations = (
				787D71B829C300D30076692B /* Debug */,
				787D71B929C300D30076692B /* Release */,
			);
			defaultConfigurationIsVisible = 0;
			defaultConfigurationName = Release;
		};
		787D71BA29C300D30076692B /* Build configuration list for PBXNativeTarget "Memo_tutorial" */ = {
			isa = XCConfigurationList;
			buildConfigurations = (
				787D71BB29C300D30076692B /* Debug */,
				787D71BC29C300D30076692B /* Release */,
			);
			defaultConfigurationIsVisible = 0;
			defaultConfigurationName = Release;
		};
/* End XCConfigurationList section */
	};
	rootObject = 787D71A429C300D10076692B /* Project object */;
}
